
Microsoft Visual Studio Solution File, Format Version 12.00
# Visual Studio Version 17
VisualStudioVersion = 17.0.31912.275
MinimumVisualStudioVersion = 10.0.40219.1
Project("{2150E333-8FDC-42A3-9474-1A3956D46DE8}") = "documentation", "documentation", "{5DAD6A52-2547-44FF-8753-087C271CF5A6}"
EndProject
Project("{2150E333-8FDC-42A3-9474-1A3956D46DE8}") = "source", "source", "{3200E181-0D6B-4EC6-B23C-D3EBD5913077}"
EndProject
Project("{2150E333-8FDC-42A3-9474-1A3956D46DE8}") = "Solution Items", "Solution Items", "{A0A71AED-D883-465A-9F60-2E5EC512B125}"
	ProjectSection(SolutionItems) = preProject
		.gitignore = .gitignore
		LICENSE = LICENSE
		README.md = README.md
	EndProjectSection
EndProject
Project("{2150E333-8FDC-42A3-9474-1A3956D46DE8}") = "database", "database", "{01B05796-A463-42D0-BCAA-27FC74133DF5}"
EndProject
Project("{00D1A9C2-B5F0-4AF3-8072-F6C62B433612}") = "BooksDataStore", "source\database\BooksDataStore\BooksDataStore.sqlproj", "{5713725A-A488-4209-8223-5F52965F04D9}"
EndProject
Project("{2150E333-8FDC-42A3-9474-1A3956D46DE8}") = "common", "common", "{6E43F924-450E-4C7B-996A-19B8C55EF19E}"
EndProject
Project("{FAE04EC0-301F-11D3-BF4B-00C04F79EFBC}") = "BooksStore.Core", "source\common\BooksStore.Core\BooksStore.Core.csproj", "{3773E389-1D57-4E61-845A-26A901A9CD13}"
EndProject
Project("{FAE04EC0-301F-11D3-BF4B-00C04F79EFBC}") = "Books.Data", "source\common\Books.Data\Books.Data.csproj", "{E0785E3F-5729-4457-AA08-8355BF50A376}"
EndProject
Project("{FAE04EC0-301F-11D3-BF4B-00C04F79EFBC}") = "BooksStore.SqlDal", "source\common\BooksStore.SqlDal\BooksStore.SqlDal.csproj", "{354646E5-D00D-4891-9023-03F596488D03}"
EndProject
Project("{FAE04EC0-301F-11D3-BF4B-00C04F79EFBC}") = "BooksStore.CacheDal", "source\common\BooksStore.CacheDal\BooksStore.CacheDal.csproj", "{51F2127A-9D79-4869-97E6-E96CC8763D57}"
EndProject
Project("{FAE04EC0-301F-11D3-BF4B-00C04F79EFBC}") = "BooksStore.Bll", "source\common\BooksStore.Bll\BooksStore.Bll.csproj", "{43AC69D1-AED3-435B-9478-D961BE921BA0}"
EndProject
Project("{2150E333-8FDC-42A3-9474-1A3956D46DE8}") = "api", "api", "{6E20774F-870C-452D-B8D1-0C18C7889E3B}"
EndProject
Project("{FAE04EC0-301F-11D3-BF4B-00C04F79EFBC}") = "Books.API", "source\api\Books.API\Books.API.csproj", "{1FE406B4-260D-496A-9DAD-1C30C4EF587C}"
EndProject
Project("{2150E333-8FDC-42A3-9474-1A3956D46DE8}") = ".github", ".github", "{9A9F3226-5ABC-4303-ADAC-2485B8C3EA43}"
EndProject
Project("{2150E333-8FDC-42A3-9474-1A3956D46DE8}") = "workflows", "workflows", "{4D6D93A0-3C00-465A-8D4D-DA6F45FE8AB6}"
	ProjectSection(SolutionItems) = preProject
		.github\workflows\booksdatastore-cicd.yml = .github\workflows\booksdatastore-cicd.yml
	EndProjectSection
EndProject
Project("{2150E333-8FDC-42A3-9474-1A3956D46DE8}") = "infrastructure", "infrastructure", "{21B38C9F-3645-4806-9859-1E1BD0B6115D}"
	ProjectSection(SolutionItems) = preProject
		Infrastructure.txt = Infrastructure.txt
	EndProjectSection
EndProject
Project("{2150E333-8FDC-42A3-9474-1A3956D46DE8}") = "images", "images", "{0B53F6F2-5AE9-4E07-B2F0-5C18E319EF17}"
	ProjectSection(SolutionItems) = preProject
		documentation\images\ApplicationArchitecture.PNG = documentation\images\ApplicationArchitecture.PNG
		documentation\images\SeatBelt.PNG = documentation\images\SeatBelt.PNG
	EndProjectSection
EndProject
Project("{2150E333-8FDC-42A3-9474-1A3956D46DE8}") = "tests", "tests", "{3EED698A-0E49-423D-852E-DDD1BF1B73F0}"
	ProjectSection(SolutionItems) = preProject
		tests\Tests_To_Be_Done.txt = tests\Tests_To_Be_Done.txt
	EndProjectSection
EndProject
Project("{2150E333-8FDC-42A3-9474-1A3956D46DE8}") = "web", "web", "{4862E241-F850-486E-BFD9-B19A86AB971D}"
EndProject
Project("{FAE04EC0-301F-11D3-BF4B-00C04F79EFBC}") = "Books.Web", "source\web\Books.Web\Books.Web.csproj", "{0ABA56C6-A406-4254-975C-CB5FD2E35CD0}"
EndProject
Project("{FAE04EC0-301F-11D3-BF4B-00C04F79EFBC}") = "Books.DataServices", "source\web\Books.DataServices\Books.DataServices.csproj", "{C8AEE593-24C2-4970-8ACA-4BCE5B5F5A88}"
EndProject
Global
	GlobalSection(SolutionConfigurationPlatforms) = preSolution
		Debug|Any CPU = Debug|Any CPU
		Release|Any CPU = Release|Any CPU
	EndGlobalSection
	GlobalSection(ProjectConfigurationPlatforms) = postSolution
		{5713725A-A488-4209-8223-5F52965F04D9}.Debug|Any CPU.ActiveCfg = Debug|Any CPU
		{5713725A-A488-4209-8223-5F52965F04D9}.Debug|Any CPU.Build.0 = Debug|Any CPU
		{5713725A-A488-4209-8223-5F52965F04D9}.Debug|Any CPU.Deploy.0 = Debug|Any CPU
		{5713725A-A488-4209-8223-5F52965F04D9}.Release|Any CPU.ActiveCfg = Release|Any CPU
		{5713725A-A488-4209-8223-5F52965F04D9}.Release|Any CPU.Build.0 = Release|Any CPU
		{5713725A-A488-4209-8223-5F52965F04D9}.Release|Any CPU.Deploy.0 = Release|Any CPU
		{3773E389-1D57-4E61-845A-26A901A9CD13}.Debug|Any CPU.ActiveCfg = Debug|Any CPU
		{3773E389-1D57-4E61-845A-26A901A9CD13}.Debug|Any CPU.Build.0 = Debug|Any CPU
		{3773E389-1D57-4E61-845A-26A901A9CD13}.Release|Any CPU.ActiveCfg = Release|Any CPU
		{3773E389-1D57-4E61-845A-26A901A9CD13}.Release|Any CPU.Build.0 = Release|Any CPU
		{E0785E3F-5729-4457-AA08-8355BF50A376}.Debug|Any CPU.ActiveCfg = Debug|Any CPU
		{E0785E3F-5729-4457-AA08-8355BF50A376}.Debug|Any CPU.Build.0 = Debug|Any CPU
		{E0785E3F-5729-4457-AA08-8355BF50A376}.Release|Any CPU.ActiveCfg = Release|Any CPU
		{E0785E3F-5729-4457-AA08-8355BF50A376}.Release|Any CPU.Build.0 = Release|Any CPU
		{354646E5-D00D-4891-9023-03F596488D03}.Debug|Any CPU.ActiveCfg = Debug|Any CPU
		{354646E5-D00D-4891-9023-03F596488D03}.Debug|Any CPU.Build.0 = Debug|Any CPU
		{354646E5-D00D-4891-9023-03F596488D03}.Release|Any CPU.ActiveCfg = Release|Any CPU
		{354646E5-D00D-4891-9023-03F596488D03}.Release|Any CPU.Build.0 = Release|Any CPU
		{51F2127A-9D79-4869-97E6-E96CC8763D57}.Debug|Any CPU.ActiveCfg = Debug|Any CPU
		{51F2127A-9D79-4869-97E6-E96CC8763D57}.Debug|Any CPU.Build.0 = Debug|Any CPU
		{51F2127A-9D79-4869-97E6-E96CC8763D57}.Release|Any CPU.ActiveCfg = Release|Any CPU
		{51F2127A-9D79-4869-97E6-E96CC8763D57}.Release|Any CPU.Build.0 = Release|Any CPU
		{43AC69D1-AED3-435B-9478-D961BE921BA0}.Debug|Any CPU.ActiveCfg = Debug|Any CPU
		{43AC69D1-AED3-435B-9478-D961BE921BA0}.Debug|Any CPU.Build.0 = Debug|Any CPU
		{43AC69D1-AED3-435B-9478-D961BE921BA0}.Release|Any CPU.ActiveCfg = Release|Any CPU
		{43AC69D1-AED3-435B-9478-D961BE921BA0}.Release|Any CPU.Build.0 = Release|Any CPU
		{1FE406B4-260D-496A-9DAD-1C30C4EF587C}.Debug|Any CPU.ActiveCfg = Debug|Any CPU
		{1FE406B4-260D-496A-9DAD-1C30C4EF587C}.Debug|Any CPU.Build.0 = Debug|Any CPU
		{1FE406B4-260D-496A-9DAD-1C30C4EF587C}.Release|Any CPU.ActiveCfg = Release|Any CPU
		{1FE406B4-260D-496A-9DAD-1C30C4EF587C}.Release|Any CPU.Build.0 = Release|Any CPU
		{0ABA56C6-A406-4254-975C-CB5FD2E35CD0}.Debug|Any CPU.ActiveCfg = Debug|Any CPU
		{0ABA56C6-A406-4254-975C-CB5FD2E35CD0}.Debug|Any CPU.Build.0 = Debug|Any CPU
		{0ABA56C6-A406-4254-975C-CB5FD2E35CD0}.Release|Any CPU.ActiveCfg = Release|Any CPU
		{0ABA56C6-A406-4254-975C-CB5FD2E35CD0}.Release|Any CPU.Build.0 = Release|Any CPU
		{C8AEE593-24C2-4970-8ACA-4BCE5B5F5A88}.Debug|Any CPU.ActiveCfg = Debug|Any CPU
		{C8AEE593-24C2-4970-8ACA-4BCE5B5F5A88}.Debug|Any CPU.Build.0 = Debug|Any CPU
		{C8AEE593-24C2-4970-8ACA-4BCE5B5F5A88}.Release|Any CPU.ActiveCfg = Release|Any CPU
		{C8AEE593-24C2-4970-8ACA-4BCE5B5F5A88}.Release|Any CPU.Build.0 = Release|Any CPU
	EndGlobalSection
	GlobalSection(SolutionProperties) = preSolution
		HideSolutionNode = FALSE
	EndGlobalSection
	GlobalSection(NestedProjects) = preSolution
		{01B05796-A463-42D0-BCAA-27FC74133DF5} = {3200E181-0D6B-4EC6-B23C-D3EBD5913077}
		{5713725A-A488-4209-8223-5F52965F04D9} = {01B05796-A463-42D0-BCAA-27FC74133DF5}
		{6E43F924-450E-4C7B-996A-19B8C55EF19E} = {3200E181-0D6B-4EC6-B23C-D3EBD5913077}
		{3773E389-1D57-4E61-845A-26A901A9CD13} = {6E43F924-450E-4C7B-996A-19B8C55EF19E}
		{E0785E3F-5729-4457-AA08-8355BF50A376} = {6E43F924-450E-4C7B-996A-19B8C55EF19E}
		{354646E5-D00D-4891-9023-03F596488D03} = {6E43F924-450E-4C7B-996A-19B8C55EF19E}
		{51F2127A-9D79-4869-97E6-E96CC8763D57} = {6E43F924-450E-4C7B-996A-19B8C55EF19E}
		{43AC69D1-AED3-435B-9478-D961BE921BA0} = {6E43F924-450E-4C7B-996A-19B8C55EF19E}
		{6E20774F-870C-452D-B8D1-0C18C7889E3B} = {3200E181-0D6B-4EC6-B23C-D3EBD5913077}
		{1FE406B4-260D-496A-9DAD-1C30C4EF587C} = {6E20774F-870C-452D-B8D1-0C18C7889E3B}
		{4D6D93A0-3C00-465A-8D4D-DA6F45FE8AB6} = {9A9F3226-5ABC-4303-ADAC-2485B8C3EA43}
		{0B53F6F2-5AE9-4E07-B2F0-5C18E319EF17} = {5DAD6A52-2547-44FF-8753-087C271CF5A6}
		{4862E241-F850-486E-BFD9-B19A86AB971D} = {3200E181-0D6B-4EC6-B23C-D3EBD5913077}
		{0ABA56C6-A406-4254-975C-CB5FD2E35CD0} = {4862E241-F850-486E-BFD9-B19A86AB971D}
		{C8AEE593-24C2-4970-8ACA-4BCE5B5F5A88} = {4862E241-F850-486E-BFD9-B19A86AB971D}
	EndGlobalSection
	GlobalSection(ExtensibilityGlobals) = postSolution
		SolutionGuid = {B8519659-E22F-4406-A6C2-3B083812B27B}
	EndGlobalSection
EndGlobal
